// !$*UTF8*$!
{
	archiveVersion = 1;
	classes = {
	};
	objectVersion = 50;
	objects = {

/* Begin PBXBuildFile section */
		71DE38B961C5872332A94B71 /* Pods_FlixTests.framework in Frameworks */ = {isa = PBXBuildFile; fileRef = FC46C87869ABC8F41FBFE6C6 /* Pods_FlixTests.framework */; };
		8ED0B7DFDDC275A099192136 /* Pods_Flix.framework in Frameworks */ = {isa = PBXBuildFile; fileRef = 16611720611D41BE43C0CA5F /* Pods_Flix.framework */; };
		C1A90D342391ADC200FB4C53 /* AppDelegate.swift in Sources */ = {isa = PBXBuildFile; fileRef = C1A90D332391ADC200FB4C53 /* AppDelegate.swift */; };
		C1A90D362391ADC200FB4C53 /* SceneDelegate.swift in Sources */ = {isa = PBXBuildFile; fileRef = C1A90D352391ADC200FB4C53 /* SceneDelegate.swift */; };
		C1A90D3B2391ADC200FB4C53 /* Main.storyboard in Resources */ = {isa = PBXBuildFile; fileRef = C1A90D392391ADC200FB4C53 /* Main.storyboard */; };
		C1A90D3D2391ADC300FB4C53 /* Assets.xcassets in Resources */ = {isa = PBXBuildFile; fileRef = C1A90D3C2391ADC300FB4C53 /* Assets.xcassets */; };
		C1A90D402391ADC300FB4C53 /* LaunchScreen.storyboard in Resources */ = {isa = PBXBuildFile; fileRef = C1A90D3E2391ADC300FB4C53 /* LaunchScreen.storyboard */; };
		C1A90D4B2391ADC300FB4C53 /* FlixTests.swift in Sources */ = {isa = PBXBuildFile; fileRef = C1A90D4A2391ADC300FB4C53 /* FlixTests.swift */; };
		C1A90D562391ADEA00FB4C53 /* MoviesViewController.swift in Sources */ = {isa = PBXBuildFile; fileRef = C1A90D552391ADEA00FB4C53 /* MoviesViewController.swift */; };
		C1A90D582391B8A700FB4C53 /* MovieCell.swift in Sources */ = {isa = PBXBuildFile; fileRef = C1A90D572391B8A700FB4C53 /* MovieCell.swift */; };
/* End PBXBuildFile section */

/* Begin PBXContainerItemProxy section */
		C1A90D472391ADC300FB4C53 /* PBXContainerItemProxy */ = {
			isa = PBXContainerItemProxy;
			containerPortal = C1A90D282391ADC200FB4C53 /* Project object */;
			proxyType = 1;
			remoteGlobalIDString = C1A90D2F2391ADC200FB4C53;
			remoteInfo = Flix;
		};
/* End PBXContainerItemProxy section */

/* Begin PBXFileReference section */
		16611720611D41BE43C0CA5F /* Pods_Flix.framework */ = {isa = PBXFileReference; explicitFileType = wrapper.framework; includeInIndex = 0; path = Pods_Flix.framework; sourceTree = BUILT_PRODUCTS_DIR; };
		35464ABCD38274D1391EA1ED /* Pods-FlixTests.release.xcconfig */ = {isa = PBXFileReference; includeInIndex = 1; lastKnownFileType = text.xcconfig; name = "Pods-FlixTests.release.xcconfig"; path = "Target Support Files/Pods-FlixTests/Pods-FlixTests.release.xcconfig"; sourceTree = "<group>"; };
		6EFA1387BA403BF0287377C4 /* Pods-Flix.release.xcconfig */ = {isa = PBXFileReference; includeInIndex = 1; lastKnownFileType = text.xcconfig; name = "Pods-Flix.release.xcconfig"; path = "Target Support Files/Pods-Flix/Pods-Flix.release.xcconfig"; sourceTree = "<group>"; };
		C1A90D302391ADC200FB4C53 /* Flix.app */ = {isa = PBXFileReference; explicitFileType = wrapper.application; includeInIndex = 0; path = Flix.app; sourceTree = BUILT_PRODUCTS_DIR; };
		C1A90D332391ADC200FB4C53 /* AppDelegate.swift */ = {isa = PBXFileReference; lastKnownFileType = sourcecode.swift; path = AppDelegate.swift; sourceTree = "<group>"; };
		C1A90D352391ADC200FB4C53 /* SceneDelegate.swift */ = {isa = PBXFileReference; lastKnownFileType = sourcecode.swift; path = SceneDelegate.swift; sourceTree = "<group>"; };
		C1A90D3A2391ADC200FB4C53 /* Base */ = {isa = PBXFileReference; lastKnownFileType = file.storyboard; name = Base; path = Base.lproj/Main.storyboard; sourceTree = "<group>"; };
		C1A90D3C2391ADC300FB4C53 /* Assets.xcassets */ = {isa = PBXFileReference; lastKnownFileType = folder.assetcatalog; path = Assets.xcassets; sourceTree = "<group>"; };
		C1A90D3F2391ADC300FB4C53 /* Base */ = {isa = PBXFileReference; lastKnownFileType = file.storyboard; name = Base; path = Base.lproj/LaunchScreen.storyboard; sourceTree = "<group>"; };
		C1A90D412391ADC300FB4C53 /* Info.plist */ = {isa = PBXFileReference; lastKnownFileType = text.plist.xml; path = Info.plist; sourceTree = "<group>"; };
		C1A90D462391ADC300FB4C53 /* FlixTests.xctest */ = {isa = PBXFileReference; explicitFileType = wrapper.cfbundle; includeInIndex = 0; path = FlixTests.xctest; sourceTree = BUILT_PRODUCTS_DIR; };
		C1A90D4A2391ADC300FB4C53 /* FlixTests.swift */ = {isa = PBXFileReference; lastKnownFileType = sourcecode.swift; path = FlixTests.swift; sourceTree = "<group>"; };
		C1A90D4C2391ADC300FB4C53 /* Info.plist */ = {isa = PBXFileReference; lastKnownFileType = text.plist.xml; path = Info.plist; sourceTree = "<group>"; };
		C1A90D552391ADEA00FB4C53 /* MoviesViewController.swift */ = {isa = PBXFileReference; lastKnownFileType = sourcecode.swift; path = MoviesViewController.swift; sourceTree = "<group>"; };
		C1A90D572391B8A700FB4C53 /* MovieCell.swift */ = {isa = PBXFileReference; lastKnownFileType = sourcecode.swift; path = MovieCell.swift; sourceTree = "<group>"; };
		CF1912B85C25C59064AB6971 /* Pods-Flix.debug.xcconfig */ = {isa = PBXFileReference; includeInIndex = 1; lastKnownFileType = text.xcconfig; name = "Pods-Flix.debug.xcconfig"; path = "Target Support Files/Pods-Flix/Pods-Flix.debug.xcconfig"; sourceTree = "<group>"; };
		D3D2F95EFEC765A64B0DDDB1 /* Pods-FlixTests.debug.xcconfig */ = {isa = PBXFileReference; includeInIndex = 1; lastKnownFileType = text.xcconfig; name = "Pods-FlixTests.debug.xcconfig"; path = "Target Support Files/Pods-FlixTests/Pods-FlixTests.debug.xcconfig"; sourceTree = "<group>"; };
		FC46C87869ABC8F41FBFE6C6 /* Pods_FlixTests.framework */ = {isa = PBXFileReference; explicitFileType = wrapper.framework; includeInIndex = 0; path = Pods_FlixTests.framework; sourceTree = BUILT_PRODUCTS_DIR; };
/* End PBXFileReference section */

/* Begin PBXFrameworksBuildPhase section */
		C1A90D2D2391ADC200FB4C53 /* Frameworks */ = {
			isa = PBXFrameworksBuildPhase;
			buildActionMask = 2147483647;
			files = (
				8ED0B7DFDDC275A099192136 /* Pods_Flix.framework in Frameworks */,
			);
			runOnlyForDeploymentPostprocessing = 0;
		};
		C1A90D432391ADC300FB4C53 /* Frameworks */ = {
			isa = PBXFrameworksBuildPhase;
			buildActionMask = 2147483647;
			files = (
				71DE38B961C5872332A94B71 /* Pods_FlixTests.framework in Frameworks */,
			);
			runOnlyForDeploymentPostprocessing = 0;
		};
/* End PBXFrameworksBuildPhase section */

/* Begin PBXGroup section */
		C1A90D272391ADC200FB4C53 = {
			isa = PBXGroup;
			children = (
				C1A90D322391ADC200FB4C53 /* Flix */,
				C1A90D492391ADC300FB4C53 /* FlixTests */,
				C1A90D312391ADC200FB4C53 /* Products */,
				ED0EDA48E17A58C490D9FC68 /* Pods */,
				E4294F73282A7C6C16F4AC2E /* Frameworks */,
			);
			sourceTree = "<group>";
		};
		C1A90D312391ADC200FB4C53 /* Products */ = {
			isa = PBXGroup;
			children = (
				C1A90D302391ADC200FB4C53 /* Flix.app */,
				C1A90D462391ADC300FB4C53 /* FlixTests.xctest */,
			);
			name = Products;
			sourceTree = "<group>";
		};
		C1A90D322391ADC200FB4C53 /* Flix */ = {
			isa = PBXGroup;
			children = (
				C1A90D332391ADC200FB4C53 /* AppDelegate.swift */,
				C1A90D352391ADC200FB4C53 /* SceneDelegate.swift */,
				C1A90D392391ADC200FB4C53 /* Main.storyboard */,
				C1A90D3C2391ADC300FB4C53 /* Assets.xcassets */,
				C1A90D3E2391ADC300FB4C53 /* LaunchScreen.storyboard */,
				C1A90D552391ADEA00FB4C53 /* MoviesViewController.swift */,
				C1A90D412391ADC300FB4C53 /* Info.plist */,
				C1A90D572391B8A700FB4C53 /* MovieCell.swift */,
			);
			path = Flix;
			sourceTree = "<group>";
		};
		C1A90D492391ADC300FB4C53 /* FlixTests */ = {
			isa = PBXGroup;
			children = (
				C1A90D4A2391ADC300FB4C53 /* FlixTests.swift */,
				C1A90D4C2391ADC300FB4C53 /* Info.plist */,
			);
			path = FlixTests;
			sourceTree = "<group>";
		};
		E4294F73282A7C6C16F4AC2E /* Frameworks */ = {
			isa = PBXGroup;
			children = (
				16611720611D41BE43C0CA5F /* Pods_Flix.framework */,
				FC46C87869ABC8F41FBFE6C6 /* Pods_FlixTests.framework */,
			);
			name = Frameworks;
			sourceTree = "<group>";
		};
		ED0EDA48E17A58C490D9FC68 /* Pods */ = {
			isa = PBXGroup;
			children = (
				CF1912B85C25C59064AB6971 /* Pods-Flix.debug.xcconfig */,
				6EFA1387BA403BF0287377C4 /* Pods-Flix.release.xcconfig */,
				D3D2F95EFEC765A64B0DDDB1 /* Pods-FlixTests.debug.xcconfig */,
				35464ABCD38274D1391EA1ED /* Pods-FlixTests.release.xcconfig */,
			);
			name = Pods;
			path = Pods;
			sourceTree = "<group>";
		};
/* End PBXGroup section */

/* Begin PBXNativeTarget section */
		C1A90D2F2391ADC200FB4C53 /* Flix */ = {
			isa = PBXNativeTarget;
			buildConfigurationList = C1A90D4F2391ADC300FB4C53 /* Build configuration list for PBXNativeTarget "Flix" */;
			buildPhases = (
				9378FE01E305B0491972A9DA /* [CP] Check Pods Manifest.lock */,
				C1A90D2C2391ADC200FB4C53 /* Sources */,
				C1A90D2D2391ADC200FB4C53 /* Frameworks */,
				C1A90D2E2391ADC200FB4C53 /* Resources */,
				BBEADE1836D59DB6FADDC234 /* [CP] Embed Pods Frameworks */,
			);
			buildRules = (
			);
			dependencies = (
			);
			name = Flix;
			productName = Flix;
			productReference = C1A90D302391ADC200FB4C53 /* Flix.app */;
			productType = "com.apple.product-type.application";
		};
		C1A90D452391ADC300FB4C53 /* FlixTests */ = {
			isa = PBXNativeTarget;
			buildConfigurationList = C1A90D522391ADC300FB4C53 /* Build configuration list for PBXNativeTarget "FlixTests" */;
			buildPhases = (
				0CF2C0B748E92F813A49F07D /* [CP] Check Pods Manifest.lock */,
				C1A90D422391ADC300FB4C53 /* Sources */,
				C1A90D432391ADC300FB4C53 /* Frameworks */,
				C1A90D442391ADC300FB4C53 /* Resources */,
			);
			buildRules = (
			);
			dependencies = (
				C1A90D482391ADC300FB4C53 /* PBXTargetDependency */,
			);
			name = FlixTests;
			productName = FlixTests;
			productReference = C1A90D462391ADC300FB4C53 /* FlixTests.xctest */;
			productType = "com.apple.product-type.bundle.unit-test";
		};
/* End PBXNativeTarget section */

/* Begin PBXProject section */
		C1A90D282391ADC200FB4C53 /* Project object */ = {
			isa = PBXProject;
			attributes = {
				LastSwiftUpdateCheck = 1100;
				LastUpgradeCheck = 1100;
				ORGANIZATIONNAME = "Alejandro pimentel";
				TargetAttributes = {
					C1A90D2F2391ADC200FB4C53 = {
						CreatedOnToolsVersion = 11.0;
					};
					C1A90D452391ADC300FB4C53 = {
						CreatedOnToolsVersion = 11.0;
						TestTargetID = C1A90D2F2391ADC200FB4C53;
					};
				};
			};
			buildConfigurationList = C1A90D2B2391ADC200FB4C53 /* Build configuration list for PBXProject "Flix" */;
			compatibilityVersion = "Xcode 9.3";
			developmentRegion = en;
			hasScannedForEncodings = 0;
			knownRegions = (
				en,
				Base,
			);
			mainGroup = C1A90D272391ADC200FB4C53;
			productRefGroup = C1A90D312391ADC200FB4C53 /* Products */;
			projectDirPath = "";
			projectRoot = "";
			targets = (
				C1A90D2F2391ADC200FB4C53 /* Flix */,
				C1A90D452391ADC300FB4C53 /* FlixTests */,
			);
		};
/* End PBXProject section */

/* Begin PBXResourcesBuildPhase section */
		C1A90D2E2391ADC200FB4C53 /* Resources */ = {
			isa = PBXResourcesBuildPhase;
			buildActionMask = 2147483647;
			files = (
				C1A90D402391ADC300FB4C53 /* LaunchScreen.storyboard in Resources */,
				C1A90D3D2391ADC300FB4C53 /* Assets.xcassets in Resources */,
				C1A90D3B2391ADC200FB4C53 /* Main.storyboard in Resources */,
			);
			runOnlyForDeploymentPostprocessing = 0;
		};
		C1A90D442391ADC300FB4C53 /* Resources */ = {
			isa = PBXResourcesBuildPhase;
			buildActionMask = 2147483647;
			files = (
			);
			runOnlyForDeploymentPostprocessing = 0;
		};
/* End PBXResourcesBuildPhase section */

/* Begin PBXShellScriptBuildPhase section */
		0CF2C0B748E92F813A49F07D /* [CP] Check Pods Manifest.lock */ = {
			isa = PBXShellScriptBuildPhase;
			buildActionMask = 2147483647;
			files = (
			);
			inputFileListPaths = (
			);
			inputPaths = (
				"${PODS_PODFILE_DIR_PATH}/Podfile.lock",
				"${PODS_ROOT}/Manifest.lock",
			);
			name = "[CP] Check Pods Manifest.lock";
			outputFileListPaths = (
			);
			outputPaths = (
				"$(DERIVED_FILE_DIR)/Pods-FlixTests-checkManifestLockResult.txt",
			);
			runOnlyForDeploymentPostprocessing = 0;
			shellPath = /bin/sh;
			shellScript = "diff \"${PODS_PODFILE_DIR_PATH}/Podfile.lock\" \"${PODS_ROOT}/Manifest.lock\" > /dev/null\nif [ $? != 0 ] ; then\n    # print error to STDERR\n    echo \"error: The sandbox is not in sync with the Podfile.lock. Run 'pod install' or update your CocoaPods installation.\" >&2\n    exit 1\nfi\n# This output is used by Xcode 'outputs' to avoid re-running this script phase.\necho \"SUCCESS\" > \"${SCRIPT_OUTPUT_FILE_0}\"\n";
			showEnvVarsInLog = 0;
		};
		9378FE01E305B0491972A9DA /* [CP] Check Pods Manifest.lock */ = {
			isa = PBXShellScriptBuildPhase;
			buildActionMask = 2147483647;
			files = (
			);
			inputFileListPaths = (
			);
			inputPaths = (
				"${PODS_PODFILE_DIR_PATH}/Podfile.lock",
				"${PODS_ROOT}/Manifest.lock",
			);
			name = "[CP] Check Pods Manifest.lock";
			outputFileListPaths = (
			);
			outputPaths = (
				"$(DERIVED_FILE_DIR)/Pods-Flix-checkManifestLockResult.txt",
			);
			runOnlyForDeploymentPostprocessing = 0;
			shellPath = /bin/sh;
			shellScript = "diff \"${PODS_PODFILE_DIR_PATH}/Podfile.lock\" \"${PODS_ROOT}/Manifest.lock\" > /dev/null\nif [ $? != 0 ] ; then\n    # print error to STDERR\n    echo \"error: The sandbox is not in sync with the Podfile.lock. Run 'pod install' or update your CocoaPods installation.\" >&2\n    exit 1\nfi\n# This output is used by Xcode 'outputs' to avoid re-running this script phase.\necho \"SUCCESS\" > \"${SCRIPT_OUTPUT_FILE_0}\"\n";
			showEnvVarsInLog = 0;
		};
		BBEADE1836D59DB6FADDC234 /* [CP] Embed Pods Frameworks */ = {
			isa = PBXShellScriptBuildPhase;
			buildActionMask = 2147483647;
			files = (
			);
			inputFileListPaths = (
				"${PODS_ROOT}/Target Support Files/Pods-Flix/Pods-Flix-frameworks-${CONFIGURATION}-input-files.xcfilelist",
			);
			name = "[CP] Embed Pods Frameworks";
			outputFileListPaths = (
				"${PODS_ROOT}/Target Support Files/Pods-Flix/Pods-Flix-frameworks-${CONFIGURATION}-output-files.xcfilelist",
			);
			runOnlyForDeploymentPostprocessing = 0;
			shellPath = /bin/sh;
			shellScript = "\"${PODS_ROOT}/Target Support Files/Pods-Flix/Pods-Flix-frameworks.sh\"\n";
			showEnvVarsInLog = 0;
		};
/* End PBXShellScriptBuildPhase section */

/* Begin PBXSourcesBuildPhase section */
		C1A90D2C2391ADC200FB4C53 /* Sources */ = {
			isa = PBXSourcesBuildPhase;
			buildActionMask = 2147483647;
			files = (
				C1A90D342391ADC200FB4C53 /* AppDelegate.swift in Sources */,
				C1A90D362391ADC200FB4C53 /* SceneDelegate.swift in Sources */,
				C1A90D582391B8A700FB4C53 /* MovieCell.swift in Sources */,
				C1A90D562391ADEA00FB4C53 /* MoviesViewController.swift in Sources */,
			);
			runOnlyForDeploymentPostprocessing = 0;
		};
		C1A90D422391ADC300FB4C53 /* Sources */ = {
			isa = PBXSourcesBuildPhase;
			buildActionMask = 2147483647;
			files = (
				C1A90D4B2391ADC300FB4C53 /* FlixTests.swift in Sources */,
			);
			runOnlyForDeploymentPostprocessing = 0;
		};
/* End PBXSourcesBuildPhase section */

/* Begin PBXTargetDependency section */
		C1A90D482391ADC300FB4C53 /* PBXTargetDependency */ = {
			isa = PBXTargetDependency;
			target = C1A90D2F2391ADC200FB4C53 /* Flix */;
			targetProxy = C1A90D472391ADC300FB4C53 /* PBXContainerItemProxy */;
		};
/* End PBXTargetDependency section */

/* Begin PBXVariantGroup section */
		C1A90D392391ADC200FB4C53 /* Main.storyboard */ = {
			isa = PBXVariantGroup;
			children = (
				C1A90D3A2391ADC200FB4C53 /* Base */,
			);
			name = Main.storyboard;
			sourceTree = "<group>";
		};
		C1A90D3E2391ADC300FB4C53 /* LaunchScreen.storyboard */ = {
			isa = PBXVariantGroup;
			children = (
				C1A90D3F2391ADC300FB4C53 /* Base */,
			);
			name = LaunchScreen.storyboard;
			sourceTree = "<group>";
		};
/* End PBXVariantGroup section */

/* Begin XCBuildConfiguration section */
		C1A90D4D2391ADC300FB4C53 /* Debug */ = {
			isa = XCBuildConfiguration;
			buildSettings = {
				ALWAYS_SEARCH_USER_PATHS = NO;
				CLANG_ANALYZER_NONNULL = YES;
				CLANG_ANALYZER_NUMBER_OBJECT_CONVERSION = YES_AGGRESSIVE;
				CLANG_CXX_LANGUAGE_STANDARD = "gnu++14";
				CLANG_CXX_LIBRARY = "libc++";
				CLANG_ENABLE_MODULES = YES;
				CLANG_ENABLE_OBJC_ARC = YES;
				CLANG_ENABLE_OBJC_WEAK = YES;
				CLANG_WARN_BLOCK_CAPTURE_AUTORELEASING = YES;
				CLANG_WARN_BOOL_CONVERSION = YES;
				CLANG_WARN_COMMA = YES;
				CLANG_WARN_CONSTANT_CONVERSION = YES;
				CLANG_WARN_DEPRECATED_OBJC_IMPLEMENTATIONS = YES;
				CLANG_WARN_DIRECT_OBJC_ISA_USAGE = YES_ERROR;
				CLANG_WARN_DOCUMENTATION_COMMENTS = YES;
				CLANG_WARN_EMPTY_BODY = YES;
				CLANG_WARN_ENUM_CONVERSION = YES;
				CLANG_WARN_INFINITE_RECURSION = YES;
				CLANG_WARN_INT_CONVERSION = YES;
				CLANG_WARN_NON_LITERAL_NULL_CONVERSION = YES;
				CLANG_WARN_OBJC_IMPLICIT_RETAIN_SELF = YES;
				CLANG_WARN_OBJC_LITERAL_CONVERSION = YES;
				CLANG_WARN_OBJC_ROOT_CLASS = YES_ERROR;
				CLANG_WARN_RANGE_LOOP_ANALYSIS = YES;
				CLANG_WARN_STRICT_PROTOTYPES = YES;
				CLANG_WARN_SUSPICIOUS_MOVE = YES;
				CLANG_WARN_UNGUARDED_AVAILABILITY = YES_AGGRESSIVE;
				CLANG_WARN_UNREACHABLE_CODE = YES;
				CLANG_WARN__DUPLICATE_METHOD_MATCH = YES;
				COPY_PHASE_STRIP = NO;
				DEBUG_INFORMATION_FORMAT = dwarf;
				ENABLE_STRICT_OBJC_MSGSEND = YES;
				ENABLE_TESTABILITY = YES;
				GCC_C_LANGUAGE_STANDARD = gnu11;
				GCC_DYNAMIC_NO_PIC = NO;
				GCC_NO_COMMON_BLOCKS = YES;
				GCC_OPTIMIZATION_LEVEL = 0;
				GCC_PREPROCESSOR_DEFINITIONS = (
					"DEBUG=1",
					"$(inherited)",
				);
				GCC_WARN_64_TO_32_BIT_CONVERSION = YES;
				GCC_WARN_ABOUT_RETURN_TYPE = YES_ERROR;
				GCC_WARN_UNDECLARED_SELECTOR = YES;
				GCC_WARN_UNINITIALIZED_AUTOS = YES_AGGRESSIVE;
				GCC_WARN_UNUSED_FUNCTION = YES;
				GCC_WARN_UNUSED_VARIABLE = YES;
				IPHONEOS_DEPLOYMENT_TARGET = 13.0;
				MTL_ENABLE_DEBUG_INFO = INCLUDE_SOURCE;
				MTL_FAST_MATH = YES;
				ONLY_ACTIVE_ARCH = YES;
				SDKROOT = iphoneos;
				SWIFT_ACTIVE_COMPILATION_CONDITIONS = DEBUG;
				SWIFT_OPTIMIZATION_LEVEL = "-Onone";
			};
			name = Debug;
		};
		C1A90D4E2391ADC300FB4C53 /* Release */ = {
			isa = XCBuildConfiguration;
			buildSettings = {
				ALWAYS_SEARCH_USER_PATHS = NO;
				CLANG_ANALYZER_NONNULL = YES;
				CLANG_ANALYZER_NUMBER_OBJECT_CONVERSION = YES_AGGRESSIVE;
				CLANG_CXX_LANGUAGE_STANDARD = "gnu++14";
				CLANG_CXX_LIBRARY = "libc++";
				CLANG_ENABLE_MODULES = YES;
				CLANG_ENABLE_OBJC_ARC = YES;
				CLANG_ENABLE_OBJC_WEAK = YES;
				CLANG_WARN_BLOCK_CAPTURE_AUTORELEASING = YES;
				CLANG_WARN_BOOL_CONVERSION = YES;
				CLANG_WARN_COMMA = YES;
				CLANG_WARN_CONSTANT_CONVERSION = YES;
				CLANG_WARN_DEPRECATED_OBJC_IMPLEMENTATIONS = YES;
				CLANG_WARN_DIRECT_OBJC_ISA_USAGE = YES_ERROR;
				CLANG_WARN_DOCUMENTATION_COMMENTS = YES;
				CLANG_WARN_EMPTY_BODY = YES;
				CLANG_WARN_ENUM_CONVERSION = YES;
				CLANG_WARN_INFINITE_RECURSION = YES;
				CLANG_WARN_INT_CONVERSION = YES;
				CLANG_WARN_NON_LITERAL_NULL_CONVERSION = YES;
				CLANG_WARN_OBJC_IMPLICIT_RETAIN_SELF = YES;
				CLANG_WARN_OBJC_LITERAL_CONVERSION = YES;
				CLANG_WARN_OBJC_ROOT_CLASS = YES_ERROR;
				CLANG_WARN_RANGE_LOOP_ANALYSIS = YES;
				CLANG_WARN_STRICT_PROTOTYPES = YES;
				CLANG_WARN_SUSPICIOUS_MOVE = YES;
				CLANG_WARN_UNGUARDED_AVAILABILITY = YES_AGGRESSIVE;
				CLANG_WARN_UNREACHABLE_CODE = YES;
				CLANG_WARN__DUPLICATE_METHOD_MATCH = YES;
				COPY_PHASE_STRIP = NO;
				DEBUG_INFORMATION_FORMAT = "dwarf-with-dsym";
				ENABLE_NS_ASSERTIONS = NO;
				ENABLE_STRICT_OBJC_MSGSEND = YES;
				GCC_C_LANGUAGE_STANDARD = gnu11;
				GCC_NO_COMMON_BLOCKS = YES;
				GCC_WARN_64_TO_32_BIT_CONVERSION = YES;
				GCC_WARN_ABOUT_RETURN_TYPE = YES_ERROR;
				GCC_WARN_UNDECLARED_SELECTOR = YES;
				GCC_WARN_UNINITIALIZED_AUTOS = YES_AGGRESSIVE;
				GCC_WARN_UNUSED_FUNCTION = YES;
				GCC_WARN_UNUSED_VARIABLE = YES;
				IPHONEOS_DEPLOYMENT_TARGET = 13.0;
				MTL_ENABLE_DEBUG_INFO = NO;
				MTL_FAST_MATH = YES;
				SDKROOT = iphoneos;
				SWIFT_COMPILATION_MODE = wholemodule;
				SWIFT_OPTIMIZATION_LEVEL = "-O";
				VALIDATE_PRODUCT = YES;
			};
			name = Release;
		};
		C1A90D502391ADC300FB4C53 /* Debug */ = {
			isa = XCBuildConfiguration;
			baseConfigurationReference = CF1912B85C25C59064AB6971 /* Pods-Flix.debug.xcconfig */;
			buildSettings = {
				ASSETCATALOG_COMPILER_APPICON_NAME = AppIcon;
				CODE_SIGN_STYLE = Automatic;
				INFOPLIST_FILE = Flix/Info.plist;
				LD_RUNPATH_SEARCH_PATHS = (
					"$(inherited)",
					"@executable_path/Frameworks",
				);
				PRODUCT_BUNDLE_IDENTIFIER = codepath.Flix;
				PRODUCT_NAME = "$(TARGET_NAME)";
				SWIFT_VERSION = 5.0;
				TARGETED_DEVICE_FAMILY = "1,2";
			};
			name = Debug;
		};
		C1A90D512391ADC300FB4C53 /* Release */ = {
			isa = XCBuildConfiguration;
			baseConfigurationReference = 6EFA1387BA403BF0287377C4 /* Pods-Flix.release.xcconfig */;
			buildSettings = {
				ASSETCATALOG_COMPILER_APPICON_NAME = AppIcon;
				CODE_SIGN_STYLE = Automatic;
				INFOPLIST_FILE = Flix/Info.plist;
				LD_RUNPATH_SEARCH_PATHS = (
					"$(inherited)",
					"@executable_path/Frameworks",
				);
				PRODUCT_BUNDLE_IDENTIFIER = codepath.Flix;
				PRODUCT_NAME = "$(TARGET_NAME)";
				SWIFT_VERSION = 5.0;
				TARGETED_DEVICE_FAMILY = "1,2";
			};
			name = Release;
		};
		C1A90D532391ADC300FB4C53 /* Debug */ = {
			isa = XCBuildConfiguration;
			baseConfigurationReference = D3D2F95EFEC765A64B0DDDB1 /* Pods-FlixTests.debug.xcconfig */;
			buildSettings = {
				ALWAYS_EMBED_SWIFT_STANDARD_LIBRARIES = YES;
				BUNDLE_LOADER = "$(TEST_HOST)";
				CODE_SIGN_STYLE = Automatic;
				INFOPLIST_FILE = FlixTests/Info.plist;
				IPHONEOS_DEPLOYMENT_TARGET = 13.0;
				LD_RUNPATH_SEARCH_PATHS = (
					"$(inherited)",
					"@executable_path/Frameworks",
					"@loader_path/Frameworks",
				);
				PRODUCT_BUNDLE_IDENTIFIER = codepath.FlixTests;
				PRODUCT_NAME = "$(TARGET_NAME)";
				SWIFT_VERSION = 5.0;
				TARGETED_DEVICE_FAMILY = "1,2";
				TEST_HOST = "$(BUILT_PRODUCTS_DIR)/Flix.app/Flix";
			};
			name = Debug;
		};
		C1A90D542391ADC300FB4C53 /* Release */ = {
			isa = XCBuildConfiguration;
			baseConfigurationReference = 35464ABCD38274D1391EA1ED /* Pods-FlixTests.release.xcconfig */;
			buildSettings = {
				ALWAYS_EMBED_SWIFT_STANDARD_LIBRARIES = YES;
				BUNDLE_LOADER = "$(TEST_HOST)";
				CODE_SIGN_STYLE = Automatic;
				INFOPLIST_FILE = FlixTests/Info.plist;
				IPHONEOS_DEPLOYMENT_TARGET = 13.0;
				LD_RUNPATH_SEARCH_PATHS = (
					"$(inherited)",
					"@executable_path/Frameworks",
					"@loader_path/Frameworks",
				);
				PRODUCT_BUNDLE_IDENTIFIER = codepath.FlixTests;
				PRODUCT_NAME = "$(TARGET_NAME)";
				SWIFT_VERSION = 5.0;
				TARGETED_DEVICE_FAMILY = "1,2";
				TEST_HOST = "$(BUILT_PRODUCTS_DIR)/Flix.app/Flix";
			};
			name = Release;
		};
/* End XCBuildConfiguration section */

/* Begin XCConfigurationList section */
		C1A90D2B2391ADC200FB4C53 /* Build configuration list for PBXProject "Flix" */ = {
			isa = XCConfigurationList;
			buildConfigurations = (
				C1A90D4D2391ADC300FB4C53 /* Debug */,
				C1A90D4E2391ADC300FB4C53 /* Release */,
			);
			defaultConfigurationIsVisible = 0;
			defaultConfigurationName = Release;
		};
		C1A90D4F2391ADC300FB4C53 /* Build configuration list for PBXNativeTarget "Flix" */ = {
			isa = XCConfigurationList;
			buildConfigurations = (
				C1A90D502391ADC300FB4C53 /* Debug */,
				C1A90D512391ADC300FB4C53 /* Release */,
			);
			defaultConfigurationIsVisible = 0;
			defaultConfigurationName = Release;
		};
		C1A90D522391ADC300FB4C53 /* Build configuration list for PBXNativeTarget "FlixTests" */ = {
			isa = XCConfigurationList;
			buildConfigurations = (
				C1A90D532391ADC300FB4C53 /* Debug */,
				C1A90D542391ADC300FB4C53 /* Release */,
			);
			defaultConfigurationIsVisible = 0;
			defaultConfigurationName = Release;
		};
/* End XCConfigurationList section */
	};
	rootObject = C1A90D282391ADC200FB4C53 /* Project object */;
}
